
Microsoft Visual Studio Solution File, Format Version 12.00
# Visual Studio Version 17
VisualStudioVersion = 17.8.34322.80
MinimumVisualStudioVersion = 10.0.40219.1
Project("{FAE04EC0-301F-11D3-BF4B-00C04F79EFBC}") = "ProjectAssistant", "ProjectAssistant\ProjectAssistant.csproj", "{C73EF124-E3F6-47A4-A1B8-299D0313B6A2}"
EndProject
Project("{FAE04EC0-301F-11D3-BF4B-00C04F79EFBC}") = "ProjectAssitant.Models", "ProjectAssitant.Models\ProjectAssitant.Models.csproj", "{D416D7B2-65A3-4C4F-B631-901DCCF084EC}"
EndProject
Project("{00D1A9C2-B5F0-4AF3-8072-F6C62B433612}") = "Database", "Database\Database.sqlproj", "{7D400B62-7933-424A-80AE-685F49001280}"
EndProject
Global
	GlobalSection(SolutionConfigurationPlatforms) = preSolution
		Debug|Any CPU = Debug|Any CPU
		Release|Any CPU = Release|Any CPU
	EndGlobalSection
	GlobalSection(ProjectConfigurationPlatforms) = postSolution
		{C73EF124-E3F6-47A4-A1B8-299D0313B6A2}.Debug|Any CPU.ActiveCfg = Debug|Any CPU
		{C73EF124-E3F6-47A4-A1B8-299D0313B6A2}.Debug|Any CPU.Build.0 = Debug|Any CPU
		{C73EF124-E3F6-47A4-A1B8-299D0313B6A2}.Release|Any CPU.ActiveCfg = Release|Any CPU
		{C73EF124-E3F6-47A4-A1B8-299D0313B6A2}.Release|Any CPU.Build.0 = Release|Any CPU
		{D416D7B2-65A3-4C4F-B631-901DCCF084EC}.Debug|Any CPU.ActiveCfg = Debug|Any CPU
		{D416D7B2-65A3-4C4F-B631-901DCCF084EC}.Debug|Any CPU.Build.0 = Debug|Any CPU
		{D416D7B2-65A3-4C4F-B631-901DCCF084EC}.Release|Any CPU.ActiveCfg = Release|Any CPU
		{D416D7B2-65A3-4C4F-B631-901DCCF084EC}.Release|Any CPU.Build.0 = Release|Any CPU
		{7D400B62-7933-424A-80AE-685F49001280}.Debug|Any CPU.ActiveCfg = Debug|Any CPU
		{7D400B62-7933-424A-80AE-685F49001280}.Debug|Any CPU.Build.0 = Debug|Any CPU
		{7D400B62-7933-424A-80AE-685F49001280}.Debug|Any CPU.Deploy.0 = Debug|Any CPU
		{7D400B62-7933-424A-80AE-685F49001280}.Release|Any CPU.ActiveCfg = Release|Any CPU
		{7D400B62-7933-424A-80AE-685F49001280}.Release|Any CPU.Build.0 = Release|Any CPU
		{7D400B62-7933-424A-80AE-685F49001280}.Release|Any CPU.Deploy.0 = Release|Any CPU
	EndGlobalSection
	GlobalSection(SolutionProperties) = preSolution
		HideSolutionNode = FALSE
	EndGlobalSection
	GlobalSection(ExtensibilityGlobals) = postSolution
		SolutionGuid = {266B3B77-3AD8-41A3-AB47-A1E9BE2331E1}
	EndGlobalSection
EndGlobal
